
Microsoft Visual Studio Solution File, Format Version 12.00
# Visual Studio Version 17
VisualStudioVersion = 17.9.34701.34
MinimumVisualStudioVersion = 10.0.40219.1
Project("{FAE04EC0-301F-11D3-BF4B-00C04F79EFBC}") = "SecondTestTaskB1", "SecondTestTaskB1\SecondTestTaskB1.csproj", "{70C57A13-492E-4009-A9B6-E7B1E2F72BAF}"
EndProject
Global
	GlobalSection(SolutionConfigurationPlatforms) = preSolution
		Debug|Any CPU = Debug|Any CPU
		Release|Any CPU = Release|Any CPU
	EndGlobalSection
	GlobalSection(ProjectConfigurationPlatforms) = postSolution
		{70C57A13-492E-4009-A9B6-E7B1E2F72BAF}.Debug|Any CPU.ActiveCfg = Debug|Any CPU
		{70C57A13-492E-4009-A9B6-E7B1E2F72BAF}.Debug|Any CPU.Build.0 = Debug|Any CPU
		{70C57A13-492E-4009-A9B6-E7B1E2F72BAF}.Release|Any CPU.ActiveCfg = Release|Any CPU
		{70C57A13-492E-4009-A9B6-E7B1E2F72BAF}.Release|Any CPU.Build.0 = Release|Any CPU
	EndGlobalSection
	GlobalSection(SolutionProperties) = preSolution
		HideSolutionNode = FALSE
	EndGlobalSection
	GlobalSection(ExtensibilityGlobals) = postSolution
		SolutionGuid = {4165EAB0-EAF3-4AED-AFA9-3A8D67B84CD6}
	EndGlobalSection
EndGlobal
